
Microsoft Visual Studio Solution File, Format Version 12.00
# Visual Studio Version 17
VisualStudioVersion = 17.0.31903.59
MinimumVisualStudioVersion = 10.0.40219.1
Project("{2150E333-8FDC-42A3-9474-1A3956D46DE8}") = "server", "server", "{DAD03CFC-D5FA-AC94-41C7-9ABAB326F09E}"
EndProject
Project("{FAE04EC0-301F-11D3-BF4B-00C04F79EFBC}") = "Bimwright.Dwg.Server", "server\Bimwright.Dwg.Server.csproj", "{356EC4DC-7D19-4C94-AC69-D2E1F70D836C}"
EndProject
Project("{2150E333-8FDC-42A3-9474-1A3956D46DE8}") = "plugin-acad24", "plugin-acad24", "{ED26E668-42A4-9AE1-5670-04D4F18C0EB0}"
EndProject
Project("{FAE04EC0-301F-11D3-BF4B-00C04F79EFBC}") = "Bimwright.Dwg.Plugin.Acad24", "plugin-acad24\Bimwright.Dwg.Plugin.Acad24.csproj", "{1686E2BE-9EE5-497F-B5EC-70EBA516C47A}"
EndProject
Project("{FAE04EC0-301F-11D3-BF4B-00C04F79EFBC}") = "Bimwright.Dwg.Tests", "..\tests\Bimwright.Dwg.Tests\Bimwright.Dwg.Tests.csproj", "{AB9BF40C-432D-4CD7-8A5A-5006CD6EDE53}"
EndProject
Project("{2150E333-8FDC-42A3-9474-1A3956D46DE8}") = "plugin-acad22", "plugin-acad22", "{C51557A5-7E7B-5C8F-E259-81526AFCB9FA}"
EndProject
Project("{FAE04EC0-301F-11D3-BF4B-00C04F79EFBC}") = "Bimwright.Dwg.Plugin.Acad22", "plugin-acad22\Bimwright.Dwg.Plugin.Acad22.csproj", "{F5BD77EA-60F6-4FDA-A0A2-C68A62103A2A}"
EndProject
Project("{2150E333-8FDC-42A3-9474-1A3956D46DE8}") = "plugin-acad23", "plugin-acad23", "{2B138745-E54A-5BB7-4C12-1FD90696DA6D}"
EndProject
Project("{FAE04EC0-301F-11D3-BF4B-00C04F79EFBC}") = "Bimwright.Dwg.Plugin.Acad23", "plugin-acad23\Bimwright.Dwg.Plugin.Acad23.csproj", "{A9DA5BF3-EC0C-4904-AC02-905D429C476B}"
EndProject
Project("{2150E333-8FDC-42A3-9474-1A3956D46DE8}") = "plugin-acad25", "plugin-acad25", "{AC50D41C-BC46-2E2C-4447-35CAA81162C5}"
EndProject
Project("{FAE04EC0-301F-11D3-BF4B-00C04F79EFBC}") = "Bimwright.Dwg.Plugin.Acad25", "plugin-acad25\Bimwright.Dwg.Plugin.Acad25.csproj", "{3311C751-7B66-4B9C-87CA-EEFD9070CD96}"
EndProject
Project("{2150E333-8FDC-42A3-9474-1A3956D46DE8}") = "plugin-acad26", "plugin-acad26", "{57C483F6-63F5-3B6D-7794-7CB3EAA9B433}"
EndProject
Project("{FAE04EC0-301F-11D3-BF4B-00C04F79EFBC}") = "Bimwright.Dwg.Plugin.Acad26", "plugin-acad26\Bimwright.Dwg.Plugin.Acad26.csproj", "{4F929D63-A222-4447-B1D3-9B51F8D781D1}"
EndProject
Project("{2150E333-8FDC-42A3-9474-1A3956D46DE8}") = "plugin-acad27", "plugin-acad27", "{461DE3F9-4213-75A9-0E08-0380B78FCB22}"
EndProject
Project("{FAE04EC0-301F-11D3-BF4B-00C04F79EFBC}") = "Bimwright.Dwg.Plugin.Acad27", "plugin-acad27\Bimwright.Dwg.Plugin.Acad27.csproj", "{0C3E0145-EDE9-41F2-97AE-7C1E4E59A8BB}"
EndProject
Global
	GlobalSection(SolutionConfigurationPlatforms) = preSolution
		Debug|Any CPU = Debug|Any CPU
		Debug|x64 = Debug|x64
		Debug|x86 = Debug|x86
		Release|Any CPU = Release|Any CPU
		Release|x64 = Release|x64
		Release|x86 = Release|x86
	EndGlobalSection
	GlobalSection(ProjectConfigurationPlatforms) = postSolution
		{356EC4DC-7D19-4C94-AC69-D2E1F70D836C}.Debug|Any CPU.ActiveCfg = Debug|Any CPU
		{356EC4DC-7D19-4C94-AC69-D2E1F70D836C}.Debug|Any CPU.Build.0 = Debug|Any CPU
		{356EC4DC-7D19-4C94-AC69-D2E1F70D836C}.Debug|x64.ActiveCfg = Debug|Any CPU
		{356EC4DC-7D19-4C94-AC69-D2E1F70D836C}.Debug|x64.Build.0 = Debug|Any CPU
		{356EC4DC-7D19-4C94-AC69-D2E1F70D836C}.Debug|x86.ActiveCfg = Debug|Any CPU
		{356EC4DC-7D19-4C94-AC69-D2E1F70D836C}.Debug|x86.Build.0 = Debug|Any CPU
		{356EC4DC-7D19-4C94-AC69-D2E1F70D836C}.Release|Any CPU.ActiveCfg = Release|Any CPU
		{356EC4DC-7D19-4C94-AC69-D2E1F70D836C}.Release|Any CPU.Build.0 = Release|Any CPU
		{356EC4DC-7D19-4C94-AC69-D2E1F70D836C}.Release|x64.ActiveCfg = Release|Any CPU
		{356EC4DC-7D19-4C94-AC69-D2E1F70D836C}.Release|x64.Build.0 = Release|Any CPU
		{356EC4DC-7D19-4C94-AC69-D2E1F70D836C}.Release|x86.ActiveCfg = Release|Any CPU
		{356EC4DC-7D19-4C94-AC69-D2E1F70D836C}.Release|x86.Build.0 = Release|Any CPU
		{1686E2BE-9EE5-497F-B5EC-70EBA516C47A}.Debug|Any CPU.ActiveCfg = Debug|Any CPU
		{1686E2BE-9EE5-497F-B5EC-70EBA516C47A}.Debug|Any CPU.Build.0 = Debug|Any CPU
		{1686E2BE-9EE5-497F-B5EC-70EBA516C47A}.Debug|x64.ActiveCfg = Debug|Any CPU
		{1686E2BE-9EE5-497F-B5EC-70EBA516C47A}.Debug|x64.Build.0 = Debug|Any CPU
		{1686E2BE-9EE5-497F-B5EC-70EBA516C47A}.Debug|x86.ActiveCfg = Debug|Any CPU
		{1686E2BE-9EE5-497F-B5EC-70EBA516C47A}.Debug|x86.Build.0 = Debug|Any CPU
		{1686E2BE-9EE5-497F-B5EC-70EBA516C47A}.Release|Any CPU.ActiveCfg = Release|Any CPU
		{1686E2BE-9EE5-497F-B5EC-70EBA516C47A}.Release|Any CPU.Build.0 = Release|Any CPU
		{1686E2BE-9EE5-497F-B5EC-70EBA516C47A}.Release|x64.ActiveCfg = Release|Any CPU
		{1686E2BE-9EE5-497F-B5EC-70EBA516C47A}.Release|x64.Build.0 = Release|Any CPU
		{1686E2BE-9EE5-497F-B5EC-70EBA516C47A}.Release|x86.ActiveCfg = Release|Any CPU
		{1686E2BE-9EE5-497F-B5EC-70EBA516C47A}.Release|x86.Build.0 = Release|Any CPU
		{AB9BF40C-432D-4CD7-8A5A-5006CD6EDE53}.Debug|Any CPU.ActiveCfg = Debug|Any CPU
		{AB9BF40C-432D-4CD7-8A5A-5006CD6EDE53}.Debug|Any CPU.Build.0 = Debug|Any CPU
		{AB9BF40C-432D-4CD7-8A5A-5006CD6EDE53}.Debug|x64.ActiveCfg = Debug|Any CPU
		{AB9BF40C-432D-4CD7-8A5A-5006CD6EDE53}.Debug|x64.Build.0 = Debug|Any CPU
		{AB9BF40C-432D-4CD7-8A5A-5006CD6EDE53}.Debug|x86.ActiveCfg = Debug|Any CPU
		{AB9BF40C-432D-4CD7-8A5A-5006CD6EDE53}.Debug|x86.Build.0 = Debug|Any CPU
		{AB9BF40C-432D-4CD7-8A5A-5006CD6EDE53}.Release|Any CPU.ActiveCfg = Release|Any CPU
		{AB9BF40C-432D-4CD7-8A5A-5006CD6EDE53}.Release|Any CPU.Build.0 = Release|Any CPU
		{AB9BF40C-432D-4CD7-8A5A-5006CD6EDE53}.Release|x64.ActiveCfg = Release|Any CPU
		{AB9BF40C-432D-4CD7-8A5A-5006CD6EDE53}.Release|x64.Build.0 = Release|Any CPU
		{AB9BF40C-432D-4CD7-8A5A-5006CD6EDE53}.Release|x86.ActiveCfg = Release|Any CPU
		{AB9BF40C-432D-4CD7-8A5A-5006CD6EDE53}.Release|x86.Build.0 = Release|Any CPU
		{F5BD77EA-60F6-4FDA-A0A2-C68A62103A2A}.Debug|Any CPU.ActiveCfg = Debug|Any CPU
		{F5BD77EA-60F6-4FDA-A0A2-C68A62103A2A}.Debug|x64.ActiveCfg = Debug|Any CPU
		{F5BD77EA-60F6-4FDA-A0A2-C68A62103A2A}.Debug|x86.ActiveCfg = Debug|Any CPU
		{F5BD77EA-60F6-4FDA-A0A2-C68A62103A2A}.Release|Any CPU.ActiveCfg = Release|Any CPU
		{F5BD77EA-60F6-4FDA-A0A2-C68A62103A2A}.Release|x64.ActiveCfg = Release|Any CPU
		{F5BD77EA-60F6-4FDA-A0A2-C68A62103A2A}.Release|x86.ActiveCfg = Release|Any CPU
		{A9DA5BF3-EC0C-4904-AC02-905D429C476B}.Debug|Any CPU.ActiveCfg = Debug|Any CPU
		{A9DA5BF3-EC0C-4904-AC02-905D429C476B}.Debug|x64.ActiveCfg = Debug|Any CPU
		{A9DA5BF3-EC0C-4904-AC02-905D429C476B}.Debug|x86.ActiveCfg = Debug|Any CPU
		{A9DA5BF3-EC0C-4904-AC02-905D429C476B}.Release|Any CPU.ActiveCfg = Release|Any CPU
		{A9DA5BF3-EC0C-4904-AC02-905D429C476B}.Release|x64.ActiveCfg = Release|Any CPU
		{A9DA5BF3-EC0C-4904-AC02-905D429C476B}.Release|x86.ActiveCfg = Release|Any CPU
		{3311C751-7B66-4B9C-87CA-EEFD9070CD96}.Debug|Any CPU.ActiveCfg = Debug|Any CPU
		{3311C751-7B66-4B9C-87CA-EEFD9070CD96}.Debug|x64.ActiveCfg = Debug|Any CPU
		{3311C751-7B66-4B9C-87CA-EEFD9070CD96}.Debug|x86.ActiveCfg = Debug|Any CPU
		{3311C751-7B66-4B9C-87CA-EEFD9070CD96}.Release|Any CPU.ActiveCfg = Release|Any CPU
		{3311C751-7B66-4B9C-87CA-EEFD9070CD96}.Release|x64.ActiveCfg = Release|Any CPU
		{3311C751-7B66-4B9C-87CA-EEFD9070CD96}.Release|x86.ActiveCfg = Release|Any CPU
		{4F929D63-A222-4447-B1D3-9B51F8D781D1}.Debug|Any CPU.ActiveCfg = Debug|Any CPU
		{4F929D63-A222-4447-B1D3-9B51F8D781D1}.Debug|x64.ActiveCfg = Debug|Any CPU
		{4F929D63-A222-4447-B1D3-9B51F8D781D1}.Debug|x86.ActiveCfg = Debug|Any CPU
		{4F929D63-A222-4447-B1D3-9B51F8D781D1}.Release|Any CPU.ActiveCfg = Release|Any CPU
		{4F929D63-A222-4447-B1D3-9B51F8D781D1}.Release|x64.ActiveCfg = Release|Any CPU
		{4F929D63-A222-4447-B1D3-9B51F8D781D1}.Release|x86.ActiveCfg = Release|Any CPU
		{0C3E0145-EDE9-41F2-97AE-7C1E4E59A8BB}.Debug|Any CPU.ActiveCfg = Debug|Any CPU
		{0C3E0145-EDE9-41F2-97AE-7C1E4E59A8BB}.Debug|x64.ActiveCfg = Debug|Any CPU
		{0C3E0145-EDE9-41F2-97AE-7C1E4E59A8BB}.Debug|x86.ActiveCfg = Debug|Any CPU
		{0C3E0145-EDE9-41F2-97AE-7C1E4E59A8BB}.Release|Any CPU.ActiveCfg = Release|Any CPU
		{0C3E0145-EDE9-41F2-97AE-7C1E4E59A8BB}.Release|x64.ActiveCfg = Release|Any CPU
		{0C3E0145-EDE9-41F2-97AE-7C1E4E59A8BB}.Release|x86.ActiveCfg = Release|Any CPU
	EndGlobalSection
	GlobalSection(SolutionProperties) = preSolution
		HideSolutionNode = FALSE
	EndGlobalSection
	GlobalSection(NestedProjects) = preSolution
		{356EC4DC-7D19-4C94-AC69-D2E1F70D836C} = {DAD03CFC-D5FA-AC94-41C7-9ABAB326F09E}
		{1686E2BE-9EE5-497F-B5EC-70EBA516C47A} = {ED26E668-42A4-9AE1-5670-04D4F18C0EB0}
		{F5BD77EA-60F6-4FDA-A0A2-C68A62103A2A} = {C51557A5-7E7B-5C8F-E259-81526AFCB9FA}
		{A9DA5BF3-EC0C-4904-AC02-905D429C476B} = {2B138745-E54A-5BB7-4C12-1FD90696DA6D}
		{3311C751-7B66-4B9C-87CA-EEFD9070CD96} = {AC50D41C-BC46-2E2C-4447-35CAA81162C5}
		{4F929D63-A222-4447-B1D3-9B51F8D781D1} = {57C483F6-63F5-3B6D-7794-7CB3EAA9B433}
		{0C3E0145-EDE9-41F2-97AE-7C1E4E59A8BB} = {461DE3F9-4213-75A9-0E08-0380B78FCB22}
	EndGlobalSection
EndGlobal
